github.com/google/uuid v1.6.0 h1:NIvaJDMOsjHA8n1jAhLSgzrAzy1Hgr+hNrb57e+94F0=
github.com/google/uuid v1.6.0/go.mod h1:TIyPZe4MgqvfeYDBFedMoGGpEw/LqOeaOT+nhxU+yHo=
github.com/gorilla/mux v1.8.1 h1:TuBL49tXwgrFYWhqrNgrUNEY92u81SPhu7sTdzQEiWY=
github.com/gorilla/mux v1.8.1/go.mod h1:AKf9I4AEqPTmMytcMc0KkNouC66V3BtZ4qD5fmWSiMQ=
github.com/gorilla/websocket v1.5.3 h1:saDtZ6Pbx/0u+bgYQ3q96pZgCzfhKXGPqt7kZ72aNNg=
github.com/gorilla/websocket v1.5.3/go.mod h1:YR8l580nyteQvAITg2hZ9XVh4b55+EU/adAjf1fMHhE=
github.com/qwark97/another_ai_project/alog v0.0.0-20240725191527-7f734c557dc6 h1:mj8nlPPFk5DmRBWbx8v2ANWtPujmhGL9tOnur90f4m0=
github.com/qwark97/another_ai_project/alog v0.0.0-20240725191527-7f734c557dc6/go.mod h1:d2r0gp93M1oEIAuf+CV3d3wQlNO6NryMGRP2hKEhkHg=
github.com/qwark97/another_ai_project/llms v0.0.0-20240704202613-443960c2a3a9 h1:tFRao+IFYudW4Lxj1oilAyGFDv73Ptflg3L19ZP4/dk=
github.com/qwark97/another_ai_project/llms v0.0.0-20240704202613-443960c2a3a9/go.mod h1:lzMA4L2RF2+QcmNbIUxrsaMbTsDTTq0OEwtkxzM5G+k=
