github.com/gorilla/mux v1.8.1 h1:TuBL49tXwgrFYWhqrNgrUNEY92u81SPhu7sTdzQEiWY=
github.com/gorilla/mux v1.8.1/go.mod h1:AKf9I4AEqPTmMytcMc0KkNouC66V3BtZ4qD5fmWSiMQ=
github.com/vargspjut/wlog v1.0.11 h1:pHp8IQCl1QUdGgPkRU5Ggp1VeFpJrYibBXnWJ5SNpnQ=
github.com/vargspjut/wlog v1.0.11/go.mod h1:f+5uWAL2Vye8PYudUVm1gKCdysfkpdhYt0saBw9wC/I=
